
Microsoft Visual Studio Solution File, Format Version 12.00
# Visual Studio 15
VisualStudioVersion = 15.0.26124.0
MinimumVisualStudioVersion = 15.0.26124.0
Project("{FAE04EC0-301F-11D3-BF4B-00C04F79EFBC}") = "PaymentContext.Domain", "PaymentContext.Domain\PaymentContext.Domain.csproj", "{0845858D-2E0F-4FCC-9F91-2521D7B0850C}"
EndProject
Project("{FAE04EC0-301F-11D3-BF4B-00C04F79EFBC}") = "PaymentContext.Shared", "PaymentContext.Shared\PaymentContext.Shared.csproj", "{B642DC81-3E2E-44D2-A09F-0F2E22BAD27B}"
EndProject
Project("{FAE04EC0-301F-11D3-BF4B-00C04F79EFBC}") = "PaymentContext.Tests", "PaymentContext.Tests\PaymentContext.Tests.csproj", "{4A26E91E-AB93-42DF-90F2-2883BD77BA01}"
EndProject
Global
	GlobalSection(SolutionConfigurationPlatforms) = preSolution
		Debug|Any CPU = Debug|Any CPU
		Debug|x64 = Debug|x64
		Debug|x86 = Debug|x86
		Release|Any CPU = Release|Any CPU
		Release|x64 = Release|x64
		Release|x86 = Release|x86
	EndGlobalSection
	GlobalSection(SolutionProperties) = preSolution
		HideSolutionNode = FALSE
	EndGlobalSection
	GlobalSection(ProjectConfigurationPlatforms) = postSolution
		{0845858D-2E0F-4FCC-9F91-2521D7B0850C}.Debug|Any CPU.ActiveCfg = Debug|Any CPU
		{0845858D-2E0F-4FCC-9F91-2521D7B0850C}.Debug|Any CPU.Build.0 = Debug|Any CPU
		{0845858D-2E0F-4FCC-9F91-2521D7B0850C}.Debug|x64.ActiveCfg = Debug|Any CPU
		{0845858D-2E0F-4FCC-9F91-2521D7B0850C}.Debug|x64.Build.0 = Debug|Any CPU
		{0845858D-2E0F-4FCC-9F91-2521D7B0850C}.Debug|x86.ActiveCfg = Debug|Any CPU
		{0845858D-2E0F-4FCC-9F91-2521D7B0850C}.Debug|x86.Build.0 = Debug|Any CPU
		{0845858D-2E0F-4FCC-9F91-2521D7B0850C}.Release|Any CPU.ActiveCfg = Release|Any CPU
		{0845858D-2E0F-4FCC-9F91-2521D7B0850C}.Release|Any CPU.Build.0 = Release|Any CPU
		{0845858D-2E0F-4FCC-9F91-2521D7B0850C}.Release|x64.ActiveCfg = Release|Any CPU
		{0845858D-2E0F-4FCC-9F91-2521D7B0850C}.Release|x64.Build.0 = Release|Any CPU
		{0845858D-2E0F-4FCC-9F91-2521D7B0850C}.Release|x86.ActiveCfg = Release|Any CPU
		{0845858D-2E0F-4FCC-9F91-2521D7B0850C}.Release|x86.Build.0 = Release|Any CPU
		{B642DC81-3E2E-44D2-A09F-0F2E22BAD27B}.Debug|Any CPU.ActiveCfg = Debug|Any CPU
		{B642DC81-3E2E-44D2-A09F-0F2E22BAD27B}.Debug|Any CPU.Build.0 = Debug|Any CPU
		{B642DC81-3E2E-44D2-A09F-0F2E22BAD27B}.Debug|x64.ActiveCfg = Debug|Any CPU
		{B642DC81-3E2E-44D2-A09F-0F2E22BAD27B}.Debug|x64.Build.0 = Debug|Any CPU
		{B642DC81-3E2E-44D2-A09F-0F2E22BAD27B}.Debug|x86.ActiveCfg = Debug|Any CPU
		{B642DC81-3E2E-44D2-A09F-0F2E22BAD27B}.Debug|x86.Build.0 = Debug|Any CPU
		{B642DC81-3E2E-44D2-A09F-0F2E22BAD27B}.Release|Any CPU.ActiveCfg = Release|Any CPU
		{B642DC81-3E2E-44D2-A09F-0F2E22BAD27B}.Release|Any CPU.Build.0 = Release|Any CPU
		{B642DC81-3E2E-44D2-A09F-0F2E22BAD27B}.Release|x64.ActiveCfg = Release|Any CPU
		{B642DC81-3E2E-44D2-A09F-0F2E22BAD27B}.Release|x64.Build.0 = Release|Any CPU
		{B642DC81-3E2E-44D2-A09F-0F2E22BAD27B}.Release|x86.ActiveCfg = Release|Any CPU
		{B642DC81-3E2E-44D2-A09F-0F2E22BAD27B}.Release|x86.Build.0 = Release|Any CPU
		{4A26E91E-AB93-42DF-90F2-2883BD77BA01}.Debug|Any CPU.ActiveCfg = Debug|Any CPU
		{4A26E91E-AB93-42DF-90F2-2883BD77BA01}.Debug|Any CPU.Build.0 = Debug|Any CPU
		{4A26E91E-AB93-42DF-90F2-2883BD77BA01}.Debug|x64.ActiveCfg = Debug|Any CPU
		{4A26E91E-AB93-42DF-90F2-2883BD77BA01}.Debug|x64.Build.0 = Debug|Any CPU
		{4A26E91E-AB93-42DF-90F2-2883BD77BA01}.Debug|x86.ActiveCfg = Debug|Any CPU
		{4A26E91E-AB93-42DF-90F2-2883BD77BA01}.Debug|x86.Build.0 = Debug|Any CPU
		{4A26E91E-AB93-42DF-90F2-2883BD77BA01}.Release|Any CPU.ActiveCfg = Release|Any CPU
		{4A26E91E-AB93-42DF-90F2-2883BD77BA01}.Release|Any CPU.Build.0 = Release|Any CPU
		{4A26E91E-AB93-42DF-90F2-2883BD77BA01}.Release|x64.ActiveCfg = Release|Any CPU
		{4A26E91E-AB93-42DF-90F2-2883BD77BA01}.Release|x64.Build.0 = Release|Any CPU
		{4A26E91E-AB93-42DF-90F2-2883BD77BA01}.Release|x86.ActiveCfg = Release|Any CPU
		{4A26E91E-AB93-42DF-90F2-2883BD77BA01}.Release|x86.Build.0 = Release|Any CPU
	EndGlobalSection
EndGlobal
